
Microsoft Visual Studio Solution File, Format Version 12.00
# Visual Studio Version 16
VisualStudioVersion = 16.0.28917.182
MinimumVisualStudioVersion = 10.0.40219.1
Project("{9A19103F-16F7-4668-BE54-9A1E7A4F7556}") = "CrudBlazorServer", "CrudBlazorServer\CrudBlazorServer.csproj", "{41DAEB50-8F1E-46AE-B51B-6467C0B0A4D8}"
EndProject
Global
	GlobalSection(SolutionConfigurationPlatforms) = preSolution
		Debug|Any CPU = Debug|Any CPU
		Release|Any CPU = Release|Any CPU
	EndGlobalSection
	GlobalSection(ProjectConfigurationPlatforms) = postSolution
		{41DAEB50-8F1E-46AE-B51B-6467C0B0A4D8}.Debug|Any CPU.ActiveCfg = Debug|Any CPU
		{41DAEB50-8F1E-46AE-B51B-6467C0B0A4D8}.Debug|Any CPU.Build.0 = Debug|Any CPU
		{41DAEB50-8F1E-46AE-B51B-6467C0B0A4D8}.Release|Any CPU.ActiveCfg = Release|Any CPU
		{41DAEB50-8F1E-46AE-B51B-6467C0B0A4D8}.Release|Any CPU.Build.0 = Release|Any CPU
	EndGlobalSection
	GlobalSection(SolutionProperties) = preSolution
		HideSolutionNode = FALSE
	EndGlobalSection
	GlobalSection(ExtensibilityGlobals) = postSolution
		SolutionGuid = {242480B7-43E2-42C0-B8E4-AA5703644AE6}
	EndGlobalSection
EndGlobal
